
Microsoft Visual Studio Solution File, Format Version 12.00
# Visual Studio Version 17
VisualStudioVersion = 17.13.35913.81 d17.13
MinimumVisualStudioVersion = 10.0.40219.1
Project("{FAE04EC0-301F-11D3-BF4B-00C04F79EFBC}") = "DatosNomina", "DatosNomina\DatosNomina.csproj", "{C5EFFFEB-FC7D-45C9-A22C-69CCCF164559}"
EndProject
Project("{FAE04EC0-301F-11D3-BF4B-00C04F79EFBC}") = "DominioNomina", "DominioNomina\DominioNomina.csproj", "{39A8061D-9CE7-4146-9D06-2E5AB6C8999F}"
EndProject
Project("{FAE04EC0-301F-11D3-BF4B-00C04F79EFBC}") = "NegocioNomina", "NegocioNomina\NegocioNomina.csproj", "{25735975-7F2C-4973-A7D7-872DDEF96BE0}"
EndProject
Project("{FAE04EC0-301F-11D3-BF4B-00C04F79EFBC}") = "APINomina", "APINomina\APINomina.csproj", "{4315BDB9-137A-4050-A4F0-3543E136105F}"
EndProject
Global
	GlobalSection(SolutionConfigurationPlatforms) = preSolution
		Debug|Any CPU = Debug|Any CPU
		Release|Any CPU = Release|Any CPU
	EndGlobalSection
	GlobalSection(ProjectConfigurationPlatforms) = postSolution
		{C5EFFFEB-FC7D-45C9-A22C-69CCCF164559}.Debug|Any CPU.ActiveCfg = Debug|Any CPU
		{C5EFFFEB-FC7D-45C9-A22C-69CCCF164559}.Debug|Any CPU.Build.0 = Debug|Any CPU
		{C5EFFFEB-FC7D-45C9-A22C-69CCCF164559}.Release|Any CPU.ActiveCfg = Release|Any CPU
		{C5EFFFEB-FC7D-45C9-A22C-69CCCF164559}.Release|Any CPU.Build.0 = Release|Any CPU
		{39A8061D-9CE7-4146-9D06-2E5AB6C8999F}.Debug|Any CPU.ActiveCfg = Debug|Any CPU
		{39A8061D-9CE7-4146-9D06-2E5AB6C8999F}.Debug|Any CPU.Build.0 = Debug|Any CPU
		{39A8061D-9CE7-4146-9D06-2E5AB6C8999F}.Release|Any CPU.ActiveCfg = Release|Any CPU
		{39A8061D-9CE7-4146-9D06-2E5AB6C8999F}.Release|Any CPU.Build.0 = Release|Any CPU
		{25735975-7F2C-4973-A7D7-872DDEF96BE0}.Debug|Any CPU.ActiveCfg = Debug|Any CPU
		{25735975-7F2C-4973-A7D7-872DDEF96BE0}.Debug|Any CPU.Build.0 = Debug|Any CPU
		{25735975-7F2C-4973-A7D7-872DDEF96BE0}.Release|Any CPU.ActiveCfg = Release|Any CPU
		{25735975-7F2C-4973-A7D7-872DDEF96BE0}.Release|Any CPU.Build.0 = Release|Any CPU
		{4315BDB9-137A-4050-A4F0-3543E136105F}.Debug|Any CPU.ActiveCfg = Debug|Any CPU
		{4315BDB9-137A-4050-A4F0-3543E136105F}.Debug|Any CPU.Build.0 = Debug|Any CPU
		{4315BDB9-137A-4050-A4F0-3543E136105F}.Release|Any CPU.ActiveCfg = Release|Any CPU
		{4315BDB9-137A-4050-A4F0-3543E136105F}.Release|Any CPU.Build.0 = Release|Any CPU
	EndGlobalSection
	GlobalSection(SolutionProperties) = preSolution
		HideSolutionNode = FALSE
	EndGlobalSection
	GlobalSection(ExtensibilityGlobals) = postSolution
		SolutionGuid = {D47F4ADB-BB34-4DAE-BF9A-F55E3D5A5146}
	EndGlobalSection
EndGlobal
